
Microsoft Visual Studio Solution File, Format Version 12.00
# Visual Studio 14
VisualStudioVersion = 14.0.25420.1
MinimumVisualStudioVersion = 10.0.40219.1
Project("{FAE04EC0-301F-11D3-BF4B-00C04F79EFBC}") = "RegistroN", "RegistroN\RegistroN.csproj", "{FDD4FD92-9A7E-4C15-AFA9-D17BECB7E3DB}"
EndProject
Project("{FAE04EC0-301F-11D3-BF4B-00C04F79EFBC}") = "BL.Notas", "BLNotas\BL.Notas.csproj", "{D728399E-2D53-4707-9381-64447EE8D8A3}"
EndProject
Global
	GlobalSection(SolutionConfigurationPlatforms) = preSolution
		Debug|Any CPU = Debug|Any CPU
		Release|Any CPU = Release|Any CPU
	EndGlobalSection
	GlobalSection(ProjectConfigurationPlatforms) = postSolution
		{FDD4FD92-9A7E-4C15-AFA9-D17BECB7E3DB}.Debug|Any CPU.ActiveCfg = Debug|Any CPU
		{FDD4FD92-9A7E-4C15-AFA9-D17BECB7E3DB}.Debug|Any CPU.Build.0 = Debug|Any CPU
		{FDD4FD92-9A7E-4C15-AFA9-D17BECB7E3DB}.Release|Any CPU.ActiveCfg = Release|Any CPU
		{FDD4FD92-9A7E-4C15-AFA9-D17BECB7E3DB}.Release|Any CPU.Build.0 = Release|Any CPU
		{D728399E-2D53-4707-9381-64447EE8D8A3}.Debug|Any CPU.ActiveCfg = Debug|Any CPU
		{D728399E-2D53-4707-9381-64447EE8D8A3}.Debug|Any CPU.Build.0 = Debug|Any CPU
		{D728399E-2D53-4707-9381-64447EE8D8A3}.Release|Any CPU.ActiveCfg = Release|Any CPU
		{D728399E-2D53-4707-9381-64447EE8D8A3}.Release|Any CPU.Build.0 = Release|Any CPU
	EndGlobalSection
	GlobalSection(SolutionProperties) = preSolution
		HideSolutionNode = FALSE
	EndGlobalSection
EndGlobal
